
Microsoft Visual Studio Solution File, Format Version 12.00
# Visual Studio 15
VisualStudioVersion = 15.0.28307.1259
MinimumVisualStudioVersion = 10.0.40219.1
Project("{FAE04EC0-301F-11D3-BF4B-00C04F79EFBC}") = "Amazonia", "Amazonia\Amazonia.csproj", "{45C74583-089B-43D2-BF35-45FF7590F62D}"
EndProject
Global
	GlobalSection(SolutionConfigurationPlatforms) = preSolution
		Debug|Any CPU = Debug|Any CPU
		Release|Any CPU = Release|Any CPU
	EndGlobalSection
	GlobalSection(ProjectConfigurationPlatforms) = postSolution
		{45C74583-089B-43D2-BF35-45FF7590F62D}.Debug|Any CPU.ActiveCfg = Debug|Any CPU
		{45C74583-089B-43D2-BF35-45FF7590F62D}.Debug|Any CPU.Build.0 = Debug|Any CPU
		{45C74583-089B-43D2-BF35-45FF7590F62D}.Release|Any CPU.ActiveCfg = Release|Any CPU
		{45C74583-089B-43D2-BF35-45FF7590F62D}.Release|Any CPU.Build.0 = Release|Any CPU
	EndGlobalSection
	GlobalSection(SolutionProperties) = preSolution
		HideSolutionNode = FALSE
	EndGlobalSection
	GlobalSection(ExtensibilityGlobals) = postSolution
		SolutionGuid = {9B853883-D604-4FC2-8172-EC4E1089538B}
	EndGlobalSection
EndGlobal
